
Microsoft Visual Studio Solution File, Format Version 12.00
# Visual Studio 15
VisualStudioVersion = 15.0.26124.0
MinimumVisualStudioVersion = 15.0.26124.0
Project("{FAE04EC0-301F-11D3-BF4B-00C04F79EFBC}") = "MediaWorld.Domain", "MediaWorld.Domain\MediaWorld.Domain.csproj", "{3C217F64-FE94-4561-B7E6-656A381F9484}"
EndProject
Project("{FAE04EC0-301F-11D3-BF4B-00C04F79EFBC}") = "MediaWorld.Storage", "MediaWorld.Storage\MediaWorld.Storage.csproj", "{2F273ADF-B060-4D6D-845B-16C2075D9095}"
EndProject
Project("{FAE04EC0-301F-11D3-BF4B-00C04F79EFBC}") = "MediaWorld.Testing", "MediaWorld.Testing\MediaWorld.Testing.csproj", "{709DC8E0-1018-4CE3-8180-B0501AD5EC0E}"
EndProject
Project("{FAE04EC0-301F-11D3-BF4B-00C04F79EFBC}") = "MediaWorld.client", "MediaWorld.client\MediaWorld.client.csproj", "{E034AA2B-58F8-470E-9263-05300F0C4B81}"
EndProject
Global
	GlobalSection(SolutionConfigurationPlatforms) = preSolution
		Debug|Any CPU = Debug|Any CPU
		Debug|x64 = Debug|x64
		Debug|x86 = Debug|x86
		Release|Any CPU = Release|Any CPU
		Release|x64 = Release|x64
		Release|x86 = Release|x86
	EndGlobalSection
	GlobalSection(SolutionProperties) = preSolution
		HideSolutionNode = FALSE
	EndGlobalSection
	GlobalSection(ProjectConfigurationPlatforms) = postSolution
		{3C217F64-FE94-4561-B7E6-656A381F9484}.Debug|Any CPU.ActiveCfg = Debug|Any CPU
		{3C217F64-FE94-4561-B7E6-656A381F9484}.Debug|Any CPU.Build.0 = Debug|Any CPU
		{3C217F64-FE94-4561-B7E6-656A381F9484}.Debug|x64.ActiveCfg = Debug|Any CPU
		{3C217F64-FE94-4561-B7E6-656A381F9484}.Debug|x64.Build.0 = Debug|Any CPU
		{3C217F64-FE94-4561-B7E6-656A381F9484}.Debug|x86.ActiveCfg = Debug|Any CPU
		{3C217F64-FE94-4561-B7E6-656A381F9484}.Debug|x86.Build.0 = Debug|Any CPU
		{3C217F64-FE94-4561-B7E6-656A381F9484}.Release|Any CPU.ActiveCfg = Release|Any CPU
		{3C217F64-FE94-4561-B7E6-656A381F9484}.Release|Any CPU.Build.0 = Release|Any CPU
		{3C217F64-FE94-4561-B7E6-656A381F9484}.Release|x64.ActiveCfg = Release|Any CPU
		{3C217F64-FE94-4561-B7E6-656A381F9484}.Release|x64.Build.0 = Release|Any CPU
		{3C217F64-FE94-4561-B7E6-656A381F9484}.Release|x86.ActiveCfg = Release|Any CPU
		{3C217F64-FE94-4561-B7E6-656A381F9484}.Release|x86.Build.0 = Release|Any CPU
		{2F273ADF-B060-4D6D-845B-16C2075D9095}.Debug|Any CPU.ActiveCfg = Debug|Any CPU
		{2F273ADF-B060-4D6D-845B-16C2075D9095}.Debug|Any CPU.Build.0 = Debug|Any CPU
		{2F273ADF-B060-4D6D-845B-16C2075D9095}.Debug|x64.ActiveCfg = Debug|Any CPU
		{2F273ADF-B060-4D6D-845B-16C2075D9095}.Debug|x64.Build.0 = Debug|Any CPU
		{2F273ADF-B060-4D6D-845B-16C2075D9095}.Debug|x86.ActiveCfg = Debug|Any CPU
		{2F273ADF-B060-4D6D-845B-16C2075D9095}.Debug|x86.Build.0 = Debug|Any CPU
		{2F273ADF-B060-4D6D-845B-16C2075D9095}.Release|Any CPU.ActiveCfg = Release|Any CPU
		{2F273ADF-B060-4D6D-845B-16C2075D9095}.Release|Any CPU.Build.0 = Release|Any CPU
		{2F273ADF-B060-4D6D-845B-16C2075D9095}.Release|x64.ActiveCfg = Release|Any CPU
		{2F273ADF-B060-4D6D-845B-16C2075D9095}.Release|x64.Build.0 = Release|Any CPU
		{2F273ADF-B060-4D6D-845B-16C2075D9095}.Release|x86.ActiveCfg = Release|Any CPU
		{2F273ADF-B060-4D6D-845B-16C2075D9095}.Release|x86.Build.0 = Release|Any CPU
		{709DC8E0-1018-4CE3-8180-B0501AD5EC0E}.Debug|Any CPU.ActiveCfg = Debug|Any CPU
		{709DC8E0-1018-4CE3-8180-B0501AD5EC0E}.Debug|Any CPU.Build.0 = Debug|Any CPU
		{709DC8E0-1018-4CE3-8180-B0501AD5EC0E}.Debug|x64.ActiveCfg = Debug|Any CPU
		{709DC8E0-1018-4CE3-8180-B0501AD5EC0E}.Debug|x64.Build.0 = Debug|Any CPU
		{709DC8E0-1018-4CE3-8180-B0501AD5EC0E}.Debug|x86.ActiveCfg = Debug|Any CPU
		{709DC8E0-1018-4CE3-8180-B0501AD5EC0E}.Debug|x86.Build.0 = Debug|Any CPU
		{709DC8E0-1018-4CE3-8180-B0501AD5EC0E}.Release|Any CPU.ActiveCfg = Release|Any CPU
		{709DC8E0-1018-4CE3-8180-B0501AD5EC0E}.Release|Any CPU.Build.0 = Release|Any CPU
		{709DC8E0-1018-4CE3-8180-B0501AD5EC0E}.Release|x64.ActiveCfg = Release|Any CPU
		{709DC8E0-1018-4CE3-8180-B0501AD5EC0E}.Release|x64.Build.0 = Release|Any CPU
		{709DC8E0-1018-4CE3-8180-B0501AD5EC0E}.Release|x86.ActiveCfg = Release|Any CPU
		{709DC8E0-1018-4CE3-8180-B0501AD5EC0E}.Release|x86.Build.0 = Release|Any CPU
		{E034AA2B-58F8-470E-9263-05300F0C4B81}.Debug|Any CPU.ActiveCfg = Debug|Any CPU
		{E034AA2B-58F8-470E-9263-05300F0C4B81}.Debug|Any CPU.Build.0 = Debug|Any CPU
		{E034AA2B-58F8-470E-9263-05300F0C4B81}.Debug|x64.ActiveCfg = Debug|Any CPU
		{E034AA2B-58F8-470E-9263-05300F0C4B81}.Debug|x64.Build.0 = Debug|Any CPU
		{E034AA2B-58F8-470E-9263-05300F0C4B81}.Debug|x86.ActiveCfg = Debug|Any CPU
		{E034AA2B-58F8-470E-9263-05300F0C4B81}.Debug|x86.Build.0 = Debug|Any CPU
		{E034AA2B-58F8-470E-9263-05300F0C4B81}.Release|Any CPU.ActiveCfg = Release|Any CPU
		{E034AA2B-58F8-470E-9263-05300F0C4B81}.Release|Any CPU.Build.0 = Release|Any CPU
		{E034AA2B-58F8-470E-9263-05300F0C4B81}.Release|x64.ActiveCfg = Release|Any CPU
		{E034AA2B-58F8-470E-9263-05300F0C4B81}.Release|x64.Build.0 = Release|Any CPU
		{E034AA2B-58F8-470E-9263-05300F0C4B81}.Release|x86.ActiveCfg = Release|Any CPU
		{E034AA2B-58F8-470E-9263-05300F0C4B81}.Release|x86.Build.0 = Release|Any CPU
	EndGlobalSection
EndGlobal
