
Microsoft Visual Studio Solution File, Format Version 12.00
# Visual Studio 15
VisualStudioVersion = 15.0.26124.0
MinimumVisualStudioVersion = 15.0.26124.0
Project("{FAE04EC0-301F-11D3-BF4B-00C04F79EFBC}") = "PizzaBox.Client", "PizzaBox.Client\PizzaBox.Client.csproj", "{99CF423A-4829-4CDB-92D1-7EC85B815C50}"
EndProject
Project("{FAE04EC0-301F-11D3-BF4B-00C04F79EFBC}") = "PizzaBox.Domain", "PizzaBox.Domain\PizzaBox.Domain.csproj", "{04E15062-ABEF-4E7A-BE97-1F78B38F1BE2}"
EndProject
Project("{FAE04EC0-301F-11D3-BF4B-00C04F79EFBC}") = "PizzaBox.Storage", "PizzaBox.Storage\PizzaBox.Storage.csproj", "{9347404B-12E6-4762-A4F6-F492D5E0CCD8}"
EndProject
Project("{FAE04EC0-301F-11D3-BF4B-00C04F79EFBC}") = "PizzaBox.Testing", "PizzaBox.Testing\PizzaBox.Testing.csproj", "{D7671733-0A55-4D82-B118-3BC204CE923D}"
EndProject
Global
	GlobalSection(SolutionConfigurationPlatforms) = preSolution
		Debug|Any CPU = Debug|Any CPU
		Debug|x64 = Debug|x64
		Debug|x86 = Debug|x86
		Release|Any CPU = Release|Any CPU
		Release|x64 = Release|x64
		Release|x86 = Release|x86
	EndGlobalSection
	GlobalSection(SolutionProperties) = preSolution
		HideSolutionNode = FALSE
	EndGlobalSection
	GlobalSection(ProjectConfigurationPlatforms) = postSolution
		{99CF423A-4829-4CDB-92D1-7EC85B815C50}.Debug|Any CPU.ActiveCfg = Debug|Any CPU
		{99CF423A-4829-4CDB-92D1-7EC85B815C50}.Debug|Any CPU.Build.0 = Debug|Any CPU
		{99CF423A-4829-4CDB-92D1-7EC85B815C50}.Debug|x64.ActiveCfg = Debug|Any CPU
		{99CF423A-4829-4CDB-92D1-7EC85B815C50}.Debug|x64.Build.0 = Debug|Any CPU
		{99CF423A-4829-4CDB-92D1-7EC85B815C50}.Debug|x86.ActiveCfg = Debug|Any CPU
		{99CF423A-4829-4CDB-92D1-7EC85B815C50}.Debug|x86.Build.0 = Debug|Any CPU
		{99CF423A-4829-4CDB-92D1-7EC85B815C50}.Release|Any CPU.ActiveCfg = Release|Any CPU
		{99CF423A-4829-4CDB-92D1-7EC85B815C50}.Release|Any CPU.Build.0 = Release|Any CPU
		{99CF423A-4829-4CDB-92D1-7EC85B815C50}.Release|x64.ActiveCfg = Release|Any CPU
		{99CF423A-4829-4CDB-92D1-7EC85B815C50}.Release|x64.Build.0 = Release|Any CPU
		{99CF423A-4829-4CDB-92D1-7EC85B815C50}.Release|x86.ActiveCfg = Release|Any CPU
		{99CF423A-4829-4CDB-92D1-7EC85B815C50}.Release|x86.Build.0 = Release|Any CPU
		{04E15062-ABEF-4E7A-BE97-1F78B38F1BE2}.Debug|Any CPU.ActiveCfg = Debug|Any CPU
		{04E15062-ABEF-4E7A-BE97-1F78B38F1BE2}.Debug|Any CPU.Build.0 = Debug|Any CPU
		{04E15062-ABEF-4E7A-BE97-1F78B38F1BE2}.Debug|x64.ActiveCfg = Debug|Any CPU
		{04E15062-ABEF-4E7A-BE97-1F78B38F1BE2}.Debug|x64.Build.0 = Debug|Any CPU
		{04E15062-ABEF-4E7A-BE97-1F78B38F1BE2}.Debug|x86.ActiveCfg = Debug|Any CPU
		{04E15062-ABEF-4E7A-BE97-1F78B38F1BE2}.Debug|x86.Build.0 = Debug|Any CPU
		{04E15062-ABEF-4E7A-BE97-1F78B38F1BE2}.Release|Any CPU.ActiveCfg = Release|Any CPU
		{04E15062-ABEF-4E7A-BE97-1F78B38F1BE2}.Release|Any CPU.Build.0 = Release|Any CPU
		{04E15062-ABEF-4E7A-BE97-1F78B38F1BE2}.Release|x64.ActiveCfg = Release|Any CPU
		{04E15062-ABEF-4E7A-BE97-1F78B38F1BE2}.Release|x64.Build.0 = Release|Any CPU
		{04E15062-ABEF-4E7A-BE97-1F78B38F1BE2}.Release|x86.ActiveCfg = Release|Any CPU
		{04E15062-ABEF-4E7A-BE97-1F78B38F1BE2}.Release|x86.Build.0 = Release|Any CPU
		{9347404B-12E6-4762-A4F6-F492D5E0CCD8}.Debug|Any CPU.ActiveCfg = Debug|Any CPU
		{9347404B-12E6-4762-A4F6-F492D5E0CCD8}.Debug|Any CPU.Build.0 = Debug|Any CPU
		{9347404B-12E6-4762-A4F6-F492D5E0CCD8}.Debug|x64.ActiveCfg = Debug|Any CPU
		{9347404B-12E6-4762-A4F6-F492D5E0CCD8}.Debug|x64.Build.0 = Debug|Any CPU
		{9347404B-12E6-4762-A4F6-F492D5E0CCD8}.Debug|x86.ActiveCfg = Debug|Any CPU
		{9347404B-12E6-4762-A4F6-F492D5E0CCD8}.Debug|x86.Build.0 = Debug|Any CPU
		{9347404B-12E6-4762-A4F6-F492D5E0CCD8}.Release|Any CPU.ActiveCfg = Release|Any CPU
		{9347404B-12E6-4762-A4F6-F492D5E0CCD8}.Release|Any CPU.Build.0 = Release|Any CPU
		{9347404B-12E6-4762-A4F6-F492D5E0CCD8}.Release|x64.ActiveCfg = Release|Any CPU
		{9347404B-12E6-4762-A4F6-F492D5E0CCD8}.Release|x64.Build.0 = Release|Any CPU
		{9347404B-12E6-4762-A4F6-F492D5E0CCD8}.Release|x86.ActiveCfg = Release|Any CPU
		{9347404B-12E6-4762-A4F6-F492D5E0CCD8}.Release|x86.Build.0 = Release|Any CPU
		{D7671733-0A55-4D82-B118-3BC204CE923D}.Debug|Any CPU.ActiveCfg = Debug|Any CPU
		{D7671733-0A55-4D82-B118-3BC204CE923D}.Debug|Any CPU.Build.0 = Debug|Any CPU
		{D7671733-0A55-4D82-B118-3BC204CE923D}.Debug|x64.ActiveCfg = Debug|Any CPU
		{D7671733-0A55-4D82-B118-3BC204CE923D}.Debug|x64.Build.0 = Debug|Any CPU
		{D7671733-0A55-4D82-B118-3BC204CE923D}.Debug|x86.ActiveCfg = Debug|Any CPU
		{D7671733-0A55-4D82-B118-3BC204CE923D}.Debug|x86.Build.0 = Debug|Any CPU
		{D7671733-0A55-4D82-B118-3BC204CE923D}.Release|Any CPU.ActiveCfg = Release|Any CPU
		{D7671733-0A55-4D82-B118-3BC204CE923D}.Release|Any CPU.Build.0 = Release|Any CPU
		{D7671733-0A55-4D82-B118-3BC204CE923D}.Release|x64.ActiveCfg = Release|Any CPU
		{D7671733-0A55-4D82-B118-3BC204CE923D}.Release|x64.Build.0 = Release|Any CPU
		{D7671733-0A55-4D82-B118-3BC204CE923D}.Release|x86.ActiveCfg = Release|Any CPU
		{D7671733-0A55-4D82-B118-3BC204CE923D}.Release|x86.Build.0 = Release|Any CPU
	EndGlobalSection
EndGlobal
